
Microsoft Visual Studio Solution File, Format Version 12.00
# Visual Studio 15
VisualStudioVersion = 15.0.28307.572
MinimumVisualStudioVersion = 10.0.40219.1
Project("{FAE04EC0-301F-11D3-BF4B-00C04F79EFBC}") = "Digitale muziekcollectie", "Digitale muziekcollectie\Digitale muziekcollectie.csproj", "{D5EE5D67-4AD5-44DC-87DA-1D50214C5E4B}"
EndProject
Global
	GlobalSection(SolutionConfigurationPlatforms) = preSolution
		Debug|Any CPU = Debug|Any CPU
		Release|Any CPU = Release|Any CPU
	EndGlobalSection
	GlobalSection(ProjectConfigurationPlatforms) = postSolution
		{D5EE5D67-4AD5-44DC-87DA-1D50214C5E4B}.Debug|Any CPU.ActiveCfg = Debug|Any CPU
		{D5EE5D67-4AD5-44DC-87DA-1D50214C5E4B}.Debug|Any CPU.Build.0 = Debug|Any CPU
		{D5EE5D67-4AD5-44DC-87DA-1D50214C5E4B}.Release|Any CPU.ActiveCfg = Release|Any CPU
		{D5EE5D67-4AD5-44DC-87DA-1D50214C5E4B}.Release|Any CPU.Build.0 = Release|Any CPU
	EndGlobalSection
	GlobalSection(SolutionProperties) = preSolution
		HideSolutionNode = FALSE
	EndGlobalSection
	GlobalSection(ExtensibilityGlobals) = postSolution
		SolutionGuid = {4680B361-11A5-4B9A-9BE1-AF2181587FE4}
	EndGlobalSection
EndGlobal
